
Microsoft Visual Studio Solution File, Format Version 12.00
# Visual Studio Version 16
VisualStudioVersion = 16.0.28922.388
MinimumVisualStudioVersion = 10.0.40219.1
Project("{FAE04EC0-301F-11D3-BF4B-00C04F79EFBC}") = "Cell", "Cell\Cell.csproj", "{FFCD3939-2E1D-4D6C-B82F-9F13E658DBED}"
EndProject
Project("{FAE04EC0-301F-11D3-BF4B-00C04F79EFBC}") = "connection", "connection\connection.csproj", "{BB41C027-3206-4502-A807-48DC88F47BE5}"
EndProject
Global
	GlobalSection(SolutionConfigurationPlatforms) = preSolution
		Debug|Any CPU = Debug|Any CPU
		Release|Any CPU = Release|Any CPU
	EndGlobalSection
	GlobalSection(ProjectConfigurationPlatforms) = postSolution
		{FFCD3939-2E1D-4D6C-B82F-9F13E658DBED}.Debug|Any CPU.ActiveCfg = Debug|Any CPU
		{FFCD3939-2E1D-4D6C-B82F-9F13E658DBED}.Debug|Any CPU.Build.0 = Debug|Any CPU
		{FFCD3939-2E1D-4D6C-B82F-9F13E658DBED}.Release|Any CPU.ActiveCfg = Release|Any CPU
		{FFCD3939-2E1D-4D6C-B82F-9F13E658DBED}.Release|Any CPU.Build.0 = Release|Any CPU
		{BB41C027-3206-4502-A807-48DC88F47BE5}.Debug|Any CPU.ActiveCfg = Debug|Any CPU
		{BB41C027-3206-4502-A807-48DC88F47BE5}.Debug|Any CPU.Build.0 = Debug|Any CPU
		{BB41C027-3206-4502-A807-48DC88F47BE5}.Release|Any CPU.ActiveCfg = Release|Any CPU
		{BB41C027-3206-4502-A807-48DC88F47BE5}.Release|Any CPU.Build.0 = Release|Any CPU
	EndGlobalSection
	GlobalSection(SolutionProperties) = preSolution
		HideSolutionNode = FALSE
	EndGlobalSection
	GlobalSection(ExtensibilityGlobals) = postSolution
		SolutionGuid = {0BA713F9-30A6-41E7-8837-71CEBEDA454F}
	EndGlobalSection
EndGlobal
