
Microsoft Visual Studio Solution File, Format Version 12.00
# Visual Studio Version 16
VisualStudioVersion = 16.0.28922.388
MinimumVisualStudioVersion = 10.0.40219.1
Project("{FAE04EC0-301F-11D3-BF4B-00C04F79EFBC}") = "Dna", "Dna\Dna.csproj", "{FE1D99EB-3DB7-44D9-B3AF-A54975E57B93}"
EndProject
Project("{FAE04EC0-301F-11D3-BF4B-00C04F79EFBC}") = "Client", "Client\Client.csproj", "{EBB55C86-0B41-46A6-A001-C617E49B0241}"
EndProject
Project("{FAE04EC0-301F-11D3-BF4B-00C04F79EFBC}") = "Server", "Server\Server.csproj", "{5A113E01-441C-42AF-BB68-70C3C4BC94E5}"
EndProject
Project("{FAE04EC0-301F-11D3-BF4B-00C04F79EFBC}") = "Connection", "Connection\Connection.csproj", "{2463C0C6-3D96-4D0C-9780-3D70BC5A54D8}"
EndProject
Project("{FAE04EC0-301F-11D3-BF4B-00C04F79EFBC}") = "Converter", "Converter\Converter.csproj", "{7E269173-C2B9-4370-8182-E0685BBBB7B4}"
EndProject
Global
	GlobalSection(SolutionConfigurationPlatforms) = preSolution
		Debug|Any CPU = Debug|Any CPU
		Release|Any CPU = Release|Any CPU
	EndGlobalSection
	GlobalSection(ProjectConfigurationPlatforms) = postSolution
		{FE1D99EB-3DB7-44D9-B3AF-A54975E57B93}.Debug|Any CPU.ActiveCfg = Debug|Any CPU
		{FE1D99EB-3DB7-44D9-B3AF-A54975E57B93}.Debug|Any CPU.Build.0 = Debug|Any CPU
		{FE1D99EB-3DB7-44D9-B3AF-A54975E57B93}.Release|Any CPU.ActiveCfg = Release|Any CPU
		{FE1D99EB-3DB7-44D9-B3AF-A54975E57B93}.Release|Any CPU.Build.0 = Release|Any CPU
		{EBB55C86-0B41-46A6-A001-C617E49B0241}.Debug|Any CPU.ActiveCfg = Debug|Any CPU
		{EBB55C86-0B41-46A6-A001-C617E49B0241}.Debug|Any CPU.Build.0 = Debug|Any CPU
		{EBB55C86-0B41-46A6-A001-C617E49B0241}.Release|Any CPU.ActiveCfg = Release|Any CPU
		{EBB55C86-0B41-46A6-A001-C617E49B0241}.Release|Any CPU.Build.0 = Release|Any CPU
		{5A113E01-441C-42AF-BB68-70C3C4BC94E5}.Debug|Any CPU.ActiveCfg = Debug|Any CPU
		{5A113E01-441C-42AF-BB68-70C3C4BC94E5}.Debug|Any CPU.Build.0 = Debug|Any CPU
		{5A113E01-441C-42AF-BB68-70C3C4BC94E5}.Release|Any CPU.ActiveCfg = Release|Any CPU
		{5A113E01-441C-42AF-BB68-70C3C4BC94E5}.Release|Any CPU.Build.0 = Release|Any CPU
		{2463C0C6-3D96-4D0C-9780-3D70BC5A54D8}.Debug|Any CPU.ActiveCfg = Debug|Any CPU
		{2463C0C6-3D96-4D0C-9780-3D70BC5A54D8}.Debug|Any CPU.Build.0 = Debug|Any CPU
		{2463C0C6-3D96-4D0C-9780-3D70BC5A54D8}.Release|Any CPU.ActiveCfg = Release|Any CPU
		{2463C0C6-3D96-4D0C-9780-3D70BC5A54D8}.Release|Any CPU.Build.0 = Release|Any CPU
		{7E269173-C2B9-4370-8182-E0685BBBB7B4}.Debug|Any CPU.ActiveCfg = Debug|Any CPU
		{7E269173-C2B9-4370-8182-E0685BBBB7B4}.Debug|Any CPU.Build.0 = Debug|Any CPU
		{7E269173-C2B9-4370-8182-E0685BBBB7B4}.Release|Any CPU.ActiveCfg = Release|Any CPU
		{7E269173-C2B9-4370-8182-E0685BBBB7B4}.Release|Any CPU.Build.0 = Release|Any CPU
	EndGlobalSection
	GlobalSection(SolutionProperties) = preSolution
		HideSolutionNode = FALSE
	EndGlobalSection
	GlobalSection(ExtensibilityGlobals) = postSolution
		SolutionGuid = {0BA713F9-30A6-41E7-8837-71CEBEDA454F}
	EndGlobalSection
EndGlobal
